
Microsoft Visual Studio Solution File, Format Version 12.00
# Visual Studio Version 16
VisualStudioVersion = 16.0.31019.35
MinimumVisualStudioVersion = 10.0.40219.1
Project("{888888A0-9F3D-457C-B088-3A5042F75D52}") = "Fortune Teller", "Fortune Teller.pyproj", "{F8F9CE80-6394-412D-8BDC-CE235374BBEC}"
EndProject
Global
	GlobalSection(SolutionConfigurationPlatforms) = preSolution
		Debug|Any CPU = Debug|Any CPU
		Release|Any CPU = Release|Any CPU
	EndGlobalSection
	GlobalSection(ProjectConfigurationPlatforms) = postSolution
		{F8F9CE80-6394-412D-8BDC-CE235374BBEC}.Debug|Any CPU.ActiveCfg = Debug|Any CPU
		{F8F9CE80-6394-412D-8BDC-CE235374BBEC}.Release|Any CPU.ActiveCfg = Release|Any CPU
	EndGlobalSection
	GlobalSection(SolutionProperties) = preSolution
		HideSolutionNode = FALSE
	EndGlobalSection
	GlobalSection(ExtensibilityGlobals) = postSolution
		SolutionGuid = {E6374C18-6328-4876-98E3-8606305C774E}
	EndGlobalSection
EndGlobal
